# THIS IS AN AUTOGENERATED FILE. DO NOT EDIT THIS FILE DIRECTLY.
# yarn lockfile v1


"@ioredis/commands@1.5.1":
  version "1.5.1"
  resolved "https://registry.npmjs.org/@ioredis/commands/-/commands-1.5.1.tgz"
  integrity sha512-JH8ZL/ywcJyR9MmJ5BNqZllXNZQqQbnVZOqpPQqE1vHiFgAw4NHbvE0FOduNU8IX9babitBT46571OnPTT0Zcw==

"@msgpackr-extract/msgpackr-extract-linux-x64@3.0.4":
  version "3.0.4"
  resolved "https://registry.npmjs.org/@msgpackr-extract/msgpackr-extract-linux-x64/-/msgpackr-extract-linux-x64-3.0.4.tgz"
  integrity sha512-8TNXMEjJc3QEy7R/x1INhgiU+XakDAFUzBhaz7+Rbrs8NH5UQeHQxxmzsSBJGyV6I1jW79undiQm8tOI+D+8FQ==

"@playwright/test@^1.61.0":
  version "1.61.0"
  resolved "https://registry.npmjs.org/@playwright/test/-/test-1.61.0.tgz"
  integrity sha512-cKA5B6lpFEMyMGjxF54QihfYpB4FkEGH+qZhtArDEG+wezQAJY8Pq6C7T1SjWz+FFzt3TbyoXBQYk/0292TdJA==
  dependencies:
    playwright "1.61.0"

"@types/node@^25.9.3":
  version "25.9.3"
  resolved "https://registry.npmjs.org/@types/node/-/node-25.9.3.tgz"
  integrity sha512-603BddQMv3pUcr4U2dhujk83N2tTDVr/34wII2B6bJy6g+8WD6yUb11jszNs0gdi4PesVWl7ABt8nYMVpnLUcg==
  dependencies:
    undici-types ">=7.24.0 <7.24.7"

assert-options@0.8.3:
  version "0.8.3"
  resolved "https://registry.npmjs.org/assert-options/-/assert-options-0.8.3.tgz"
  integrity sha512-s6v4HnA+vYSGO4eZX+F+I3gvF74wPk+m6Z1Q3w1Dsg4Pnv/R24vhKAasoMVZGvDpOOfTg1Qz4ptZnEbuy95XsQ==

bcryptjs@^3.0.3:
  version "3.0.3"
  resolved "https://registry.npmjs.org/bcryptjs/-/bcryptjs-3.0.3.tgz"
  integrity sha512-GlF5wPWnSa/X5LKM1o0wz0suXIINz1iHRLvTS+sLyi7XPbe5ycmYI3DlZqVGZZtDgl4DmasFg7gOB3JYbphV5g==

bullmq@^5.79.0:
  version "5.79.0"
  resolved "https://registry.npmjs.org/bullmq/-/bullmq-5.79.0.tgz"
  integrity sha512-sg+kYGn7PIDI/AAkSWINPNz0vMp745YaBYMyo3AtcfXk5iCvjEPU+XMbU3yf7rSf1KsU+OfU+GH8FhxUa+WDNA==
  dependencies:
    cron-parser "4.9.0"
    ioredis "5.10.1"
    msgpackr "2.0.2"
    node-abort-controller "3.1.1"
    semver "7.8.1"
    tslib "2.8.1"

cluster-key-slot@^1.1.0:
  version "1.1.2"
  resolved "https://registry.npmjs.org/cluster-key-slot/-/cluster-key-slot-1.1.2.tgz"
  integrity sha512-RMr0FhtfXemyinomL4hrWcYJxmX6deFdCxpJzhDttxgO1+bcCnkk+9drydLVDmAMG7NE6aN/fl4F7ucU/90gAA==

cron-parser@4.9.0:
  version "4.9.0"
  resolved "https://registry.npmjs.org/cron-parser/-/cron-parser-4.9.0.tgz"
  integrity sha512-p0SaNjrHOnQeR8/VnfGbmg9te2kfyYSQ7Sc/j/6DtPL3JQvKxmjO9TSjNFpujqV3vEYYBvNNvXSxzyksBWAx1Q==
  dependencies:
    luxon "^3.2.1"

debug@^4.3.4:
  version "4.4.3"
  resolved "https://registry.npmjs.org/debug/-/debug-4.4.3.tgz"
  integrity sha512-RGwwWnwQvkVfavKVt22FGLw+xYSdzARwm0ru6DhTVA3umU5hZc28V3kO4stgYryrTlLpuvgI9GiijltAjNbcqA==
  dependencies:
    ms "^2.1.3"

denque@^2.1.0:
  version "2.1.0"
  resolved "https://registry.npmjs.org/denque/-/denque-2.1.0.tgz"
  integrity sha512-HVQE3AAb/pxF8fQAoiqpvg9i3evqug3hoiwakOyZAwJm+6vZehbkYXZ0l4JxS+I3QxM97v5aaRNhj8v5oBhekw==

detect-libc@^2.0.1:
  version "2.1.2"
  resolved "https://registry.npmjs.org/detect-libc/-/detect-libc-2.1.2.tgz"
  integrity sha512-Btj2BOOO83o3WyH59e8MgXsxEQVcarkUOpEYrubB0urwnN10yQ364rsiByU11nZlqWYZm05i/of7io4mzihBtQ==

dotenv@^17.4.2:
  version "17.4.2"
  resolved "https://registry.npmjs.org/dotenv/-/dotenv-17.4.2.tgz"
  integrity sha512-nI4U3TottKAcAD9LLud4Cb7b2QztQMUEfHbvhTH09bqXTxnSie8WnjPALV/WMCrJZ6UV/qHJ6L03OqO3LcdYZw==

ioredis@5.10.1:
  version "5.10.1"
  resolved "https://registry.npmjs.org/ioredis/-/ioredis-5.10.1.tgz"
  integrity sha512-HuEDBTI70aYdx1v6U97SbNx9F1+svQKBDo30o0b9fw055LMepzpOOd0Ccg9Q6tbqmBSJaMuY0fB7yw9/vjBYCA==
  dependencies:
    "@ioredis/commands" "1.5.1"
    cluster-key-slot "^1.1.0"
    debug "^4.3.4"
    denque "^2.1.0"
    lodash.defaults "^4.2.0"
    lodash.isarguments "^3.1.0"
    redis-errors "^1.2.0"
    redis-parser "^3.0.0"
    standard-as-callback "^2.1.0"

lodash.defaults@^4.2.0:
  version "4.2.0"
  resolved "https://registry.npmjs.org/lodash.defaults/-/lodash.defaults-4.2.0.tgz"
  integrity sha512-qjxPLHd3r5DnsdGacqOMU6pb/avJzdh9tFX2ymgoZE27BmjXrNy/y4LoaiTeAb+O3gL8AfpJGtqfX/ae2leYYQ==

lodash.isarguments@^3.1.0:
  version "3.1.0"
  resolved "https://registry.npmjs.org/lodash.isarguments/-/lodash.isarguments-3.1.0.tgz"
  integrity sha512-chi4NHZlZqZD18a0imDHnZPrDeBbTtVN7GXMwuGdRH9qotxAjYs3aVLKc7zNOG9eddR5Ksd8rvFEBc9SsggPpg==

luxon@^3.2.1:
  version "3.7.2"
  resolved "https://registry.npmjs.org/luxon/-/luxon-3.7.2.tgz"
  integrity sha512-vtEhXh/gNjI9Yg1u4jX/0YVPMvxzHuGgCm6tC5kZyb08yjGWGnqAjGJvcXbqQR2P3MyMEFnRbpcdFS6PBcLqew==

ms@^2.1.3:
  version "2.1.3"
  resolved "https://registry.npmjs.org/ms/-/ms-2.1.3.tgz"
  integrity sha512-6FlzubTLZG3J2a/NVCAleEhjzq5oxgHyaCU9yYXvcLsvoVaHJq/s5xXI6/XXP6tz7R9xAOtHnSO/tXtF3WRTlA==

msgpackr-extract@^3.0.4:
  version "3.0.4"
  resolved "https://registry.npmjs.org/msgpackr-extract/-/msgpackr-extract-3.0.4.tgz"
  integrity sha512-4kmO/MdyUIkLIvTPr8VHLil4AtoKIoniWPIEk5+CDy0xnWC84azhSFmuJ7PxZdsYtiP5kEeQsORAVIeMgxT+Hw==
  dependencies:
    node-gyp-build-optional-packages "5.2.2"
  optionalDependencies:
    "@msgpackr-extract/msgpackr-extract-darwin-arm64" "3.0.4"
    "@msgpackr-extract/msgpackr-extract-darwin-x64" "3.0.4"
    "@msgpackr-extract/msgpackr-extract-linux-arm" "3.0.4"
    "@msgpackr-extract/msgpackr-extract-linux-arm64" "3.0.4"
    "@msgpackr-extract/msgpackr-extract-linux-x64" "3.0.4"
    "@msgpackr-extract/msgpackr-extract-win32-x64" "3.0.4"

msgpackr@2.0.2:
  version "2.0.2"
  resolved "https://registry.npmjs.org/msgpackr/-/msgpackr-2.0.2.tgz"
  integrity sha512-c5hYOXFbP79Slh6Dzd2wzk+jnV7mX1UxfMYtilnY1NmalXPqG8DGb5cYCMBrW4AsH3zekBBZd4QrKz9NhtvYLQ==
  optionalDependencies:
    msgpackr-extract "^3.0.4"

node-abort-controller@3.1.1:
  version "3.1.1"
  resolved "https://registry.npmjs.org/node-abort-controller/-/node-abort-controller-3.1.1.tgz"
  integrity sha512-AGK2yQKIjRuqnc6VkX2Xj5d+QW8xZ87pa1UK6yA6ouUyuxfHuMP6umE5QK7UmTeOAymo+Zx1Fxiuw9rVx8taHQ==

node-gyp-build-optional-packages@5.2.2:
  version "5.2.2"
  resolved "https://registry.npmjs.org/node-gyp-build-optional-packages/-/node-gyp-build-optional-packages-5.2.2.tgz"
  integrity sha512-s+w+rBWnpTMwSFbaE0UXsRlg7hU4FjekKU4eyAih5T8nJuNZT1nNsskXpxmeqSK9UzkBl6UgRlnKc8hz8IEqOw==
  dependencies:
    detect-libc "^2.0.1"

pg-cloudflare@^1.3.0, pg-cloudflare@^1.4.0:
  version "1.4.0"
  resolved "https://registry.npmjs.org/pg-cloudflare/-/pg-cloudflare-1.4.0.tgz"
  integrity sha512-Vo7z/6rrQYxpNRylp4Tlob2elzbh+N/MOQbxFVWCxS7oEx6jF53GTJFxK2WWpKuBRkmiin4Mt+xofFDjx09R0A==

pg-connection-string@^2.12.0, pg-connection-string@^2.14.0:
  version "2.14.0"
  resolved "https://registry.npmjs.org/pg-connection-string/-/pg-connection-string-2.14.0.tgz"
  integrity sha512-XwWDGcLRGCXAR8F/AM5bG7Q+A3Wm2s6QeEjlOKZLlH3UYcguiqCWKyWXVag5TLTIjR7oOJUY8kcADaZgWPyLeg==

pg-cursor@^2.19.0:
  version "2.21.0"
  resolved "https://registry.npmjs.org/pg-cursor/-/pg-cursor-2.21.0.tgz"
  integrity sha512-IYvk/j+Suhtbo/C3uOf4JLsLK/gWxOTUOmYbDsbKnLaVJDq+KwhwK6ngpRfiCk8eDMS3AmGQABZCv0cREEzHQw==

pg-int8@1.0.1:
  version "1.0.1"
  resolved "https://registry.npmjs.org/pg-int8/-/pg-int8-1.0.1.tgz"
  integrity sha512-WCtabS6t3c8SkpDBUlb1kjOs7l66xsGdKpIPZsg4wR+B3+u9UAum2odSsF9tnvxg80h4ZxLWMy4pRjOsFIqQpw==

pg-minify@1.8.0:
  version "1.8.0"
  resolved "https://registry.npmjs.org/pg-minify/-/pg-minify-1.8.0.tgz"
  integrity sha512-jO/oJOununpx8DzKgvSsWm61P8JjwXlaxSlbbfTBo1nvSWoo/+I6qZYaSN96jm/KDwa5d+JMQwPGgcP6HXDRow==

pg-pool@^3.13.0, pg-pool@^3.14.0:
  version "3.14.0"
  resolved "https://registry.npmjs.org/pg-pool/-/pg-pool-3.14.0.tgz"
  integrity sha512-gKtPkFdQPU3DksooVLi9LsjZxrsBUZIpa+7aVx+LV5pNh0KzP4Zleud2po+ConrxbuXGBJ6Hfer6hdgpIBpBaw==

pg-promise@^12.6.2:
  version "12.6.2"
  resolved "https://registry.npmjs.org/pg-promise/-/pg-promise-12.6.2.tgz"
  integrity sha512-pRlBExJKLomYri4YslxN15n3lL3QNFOsWIjY962CwkNq1ATJEfMbij0MI90ZHz2aHdkWLGCDxKg4l1AFiI8dXQ==
  dependencies:
    assert-options "0.8.3"
    pg "8.20.0"
    pg-minify "1.8.0"
    spex "4.1.0"

pg-protocol@^1.13.0, pg-protocol@^1.15.0:
  version "1.15.0"
  resolved "https://registry.npmjs.org/pg-protocol/-/pg-protocol-1.15.0.tgz"
  integrity sha512-cq9sECI5s0+uPUXjbz8ioyPJni6RzsRib0US67i5IoTZKw8fNeYlVE7u8F4dG7vEJJtc5wdD1K189lCCUwqWTQ==

pg-query-stream@4.14.0:
  version "4.14.0"
  resolved "https://registry.npmjs.org/pg-query-stream/-/pg-query-stream-4.14.0.tgz"
  integrity sha512-B1LLxgqngAATPciOPYYKyaQfsw5wyP6BZq6nHqQOC5QaaEBsfW/0OBwWUga+knCAqENMeoow9I8Zgi2m3P9rWw==
  dependencies:
    pg-cursor "^2.19.0"

pg-types@2.2.0:
  version "2.2.0"
  resolved "https://registry.npmjs.org/pg-types/-/pg-types-2.2.0.tgz"
  integrity sha512-qTAAlrEsl8s4OiEQY69wDvcMIdQN6wdz5ojQiOy6YRMuynxenON0O5oCpJI6lshc6scgAY8qvJ2On/p+CXY0GA==
  dependencies:
    pg-int8 "1.0.1"
    postgres-array "~2.0.0"
    postgres-bytea "~1.0.0"
    postgres-date "~1.0.4"
    postgres-interval "^1.1.0"

pg@^8, pg@>=8.0:
  version "8.22.0"
  resolved "https://registry.npmjs.org/pg/-/pg-8.22.0.tgz"
  integrity sha512-8wih1vVIBMxoUM2oB4soJsD9tDnDpLv4OXBJ+EJzFsvycD+lfyIreC2gGHq78f8jbLLt+bvlPTFdFZfJkOuzAA==
  dependencies:
    pg-connection-string "^2.14.0"
    pg-pool "^3.14.0"
    pg-protocol "^1.15.0"
    pg-types "2.2.0"
    pgpass "1.0.5"
  optionalDependencies:
    pg-cloudflare "^1.4.0"

pg@8.20.0:
  version "8.20.0"
  resolved "https://registry.npmjs.org/pg/-/pg-8.20.0.tgz"
  integrity sha512-ldhMxz2r8fl/6QkXnBD3CR9/xg694oT6DZQ2s6c/RI28OjtSOpxnPrUCGOBJ46RCUxcWdx3p6kw/xnDHjKvaRA==
  dependencies:
    pg-connection-string "^2.12.0"
    pg-pool "^3.13.0"
    pg-protocol "^1.13.0"
    pg-types "2.2.0"
    pgpass "1.0.5"
  optionalDependencies:
    pg-cloudflare "^1.3.0"

pgpass@1.0.5:
  version "1.0.5"
  resolved "https://registry.npmjs.org/pgpass/-/pgpass-1.0.5.tgz"
  integrity sha512-FdW9r/jQZhSeohs1Z3sI1yxFQNFvMcnmfuj4WBMUTxOrAyLMaTcE1aAMBiTlbMNaXvBCQuVi0R7hd8udDSP7ug==
  dependencies:
    split2 "^4.1.0"

playwright-core@1.61.0:
  version "1.61.0"
  resolved "https://registry.npmjs.org/playwright-core/-/playwright-core-1.61.0.tgz"
  integrity sha512-caX7TrY3Ml6egyDX0WUcTHDxodl/b51y5wJOdCEA36QviK/s2g081hvmGs8eaE3DWb6NYZQ6BjO/QkNRPenoPA==

playwright@1.61.0:
  version "1.61.0"
  resolved "https://registry.npmjs.org/playwright/-/playwright-1.61.0.tgz"
  integrity sha512-Z+7BeeqQPRRzklHsVFP4KTGIyMxKUmfeRA4WisM6G3/XW6nwGeX6fX9qYaDa+CiUqpOkb2f6X3nar05R3kSuJQ==
  dependencies:
    playwright-core "1.61.0"
  optionalDependencies:
    fsevents "2.3.2"

postgres-array@~2.0.0:
  version "2.0.0"
  resolved "https://registry.npmjs.org/postgres-array/-/postgres-array-2.0.0.tgz"
  integrity sha512-VpZrUqU5A69eQyW2c5CA1jtLecCsN2U/bD6VilrFDWq5+5UIEVO7nazS3TEcHf1zuPYO/sqGvUvW62g86RXZuA==

postgres-bytea@~1.0.0:
  version "1.0.1"
  resolved "https://registry.npmjs.org/postgres-bytea/-/postgres-bytea-1.0.1.tgz"
  integrity sha512-5+5HqXnsZPE65IJZSMkZtURARZelel2oXUEO8rH83VS/hxH5vv1uHquPg5wZs8yMAfdv971IU+kcPUczi7NVBQ==

postgres-date@~1.0.4:
  version "1.0.7"
  resolved "https://registry.npmjs.org/postgres-date/-/postgres-date-1.0.7.tgz"
  integrity sha512-suDmjLVQg78nMK2UZ454hAG+OAW+HQPZ6n++TNDUX+L0+uUlLywnoxJKDou51Zm+zTCjrCl0Nq6J9C5hP9vK/Q==

postgres-interval@^1.1.0:
  version "1.2.0"
  resolved "https://registry.npmjs.org/postgres-interval/-/postgres-interval-1.2.0.tgz"
  integrity sha512-9ZhXKM/rw350N1ovuWHbGxnGh/SNJ4cnxHiM0rxE4VN41wsg8P8zWn9hv/buK00RP4WvlOyr/RBDiptyxVbkZQ==
  dependencies:
    xtend "^4.0.0"

redis-errors@^1.0.0, redis-errors@^1.2.0:
  version "1.2.0"
  resolved "https://registry.npmjs.org/redis-errors/-/redis-errors-1.2.0.tgz"
  integrity sha512-1qny3OExCf0UvUV/5wpYKf2YwPcOqXzkwKKSmKHiE6ZMQs5heeE/c8eXK+PNllPvmjgAbfnsbpkGZWy8cBpn9w==

redis-parser@^3.0.0:
  version "3.0.0"
  resolved "https://registry.npmjs.org/redis-parser/-/redis-parser-3.0.0.tgz"
  integrity sha512-DJnGAeenTdpMEH6uAJRK/uiyEIH9WVsUmoLwzudwGJUwZPp80PDBWPHXSAGNPwNvIXAbe7MSUB1zQFugFml66A==
  dependencies:
    redis-errors "^1.0.0"

semver@7.8.1:
  version "7.8.1"
  resolved "https://registry.npmjs.org/semver/-/semver-7.8.1.tgz"
  integrity sha512-rkVq3IXh+4FDGch+KwzX3aV9W3kO54GyEgpvBzSyctDA6Xtd7RJQV1xmXbeQp5v7+VzLOfVqiutSE6GICgPFvg==

spex@4.1.0:
  version "4.1.0"
  resolved "https://registry.npmjs.org/spex/-/spex-4.1.0.tgz"
  integrity sha512-ktgNAQ1X9x1A3IMChM6XBDeVjhGPbLgPQ8aEzGOaUIhZTnLeJSBApvi3gXT789hee6h73N3jOeWkXDwoPbYT/A==

split2@^4.1.0:
  version "4.2.0"
  resolved "https://registry.npmjs.org/split2/-/split2-4.2.0.tgz"
  integrity sha512-UcjcJOWknrNkF6PLX83qcHM6KHgVKNkV62Y8a5uYDVv9ydGQVwAHMKqHdJje1VTWpljG0WYpCDhrCdAOYH4TWg==

standard-as-callback@^2.1.0:
  version "2.1.0"
  resolved "https://registry.npmjs.org/standard-as-callback/-/standard-as-callback-2.1.0.tgz"
  integrity sha512-qoRRSyROncaz1z0mvYqIE4lCd9p2R90i6GxW3uZv5ucSu8tU7B5HXUP1gG8pVZsYNVaXjk8ClXHPttLyxAL48A==

tslib@2.8.1:
  version "2.8.1"
  resolved "https://registry.npmjs.org/tslib/-/tslib-2.8.1.tgz"
  integrity sha512-oJFu94HQb+KVduSUQL7wnpmqnfmLsOA/nAh6b6EH0wCEoK0/mPeXU6c3wKDV83MkOuHPRHtSXKKU99IBazS/2w==

"undici-types@>=7.24.0 <7.24.7":
  version "7.24.6"
  resolved "https://registry.npmjs.org/undici-types/-/undici-types-7.24.6.tgz"
  integrity sha512-WRNW+sJgj5OBN4/0JpHFqtqzhpbnV0GuB+OozA9gCL7a993SmU+1JBZCzLNxYsbMfIeDL+lTsphD5jN5N+n0zg==

xtend@^4.0.0:
  version "4.0.2"
  resolved "https://registry.npmjs.org/xtend/-/xtend-4.0.2.tgz"
  integrity sha512-LKYU1iAXJXUgAXn9URjiu+MWhyUXHsvfp7mcuYm9dSUKK0/CjtrUwFAxD82/mCWbtLsGjFIad0wIsod4zrTAEQ==
